// !$*UTF8*$!
{
	archiveVersion = 1;
	classes = {
	};
	objectVersion = 50;
	objects = {

/* Begin PBXBuildFile section */
		104115AA2300DB1100645D4A /* AppDelegate.swift in Sources */ = {isa = PBXBuildFile; fileRef = 104115A92300DB1100645D4A /* AppDelegate.swift */; };
		104115AC2300DB1100645D4A /* ViewController.swift in Sources */ = {isa = PBXBuildFile; fileRef = 104115AB2300DB1100645D4A /* ViewController.swift */; };
		104115AF2300DB1100645D4A /* Main.storyboard in Resources */ = {isa = PBXBuildFile; fileRef = 104115AD2300DB1100645D4A /* Main.storyboard */; };
		104115B12300DB1300645D4A /* Assets.xcassets in Resources */ = {isa = PBXBuildFile; fileRef = 104115B02300DB1300645D4A /* Assets.xcassets */; };
		104115B42300DB1300645D4A /* LaunchScreen.storyboard in Resources */ = {isa = PBXBuildFile; fileRef = 104115B22300DB1300645D4A /* LaunchScreen.storyboard */; };
		104115BC2301000E00645D4A /* OptionalChaining.swift in Sources */ = {isa = PBXBuildFile; fileRef = 104115BB2301000E00645D4A /* OptionalChaining.swift */; };
/* End PBXBuildFile section */

/* Begin PBXFileReference section */
		104115A62300DB1100645D4A /* Optionals.app */ = {isa = PBXFileReference; explicitFileType = wrapper.application; includeInIndex = 0; path = Optionals.app; sourceTree = BUILT_PRODUCTS_DIR; };
		104115A92300DB1100645D4A /* AppDelegate.swift */ = {isa = PBXFileReference; lastKnownFileType = sourcecode.swift; path = AppDelegate.swift; sourceTree = "<group>"; };
		104115AB2300DB1100645D4A /* ViewController.swift */ = {isa = PBXFileReference; lastKnownFileType = sourcecode.swift; path = ViewController.swift; sourceTree = "<group>"; };
		104115AE2300DB1100645D4A /* Base */ = {isa = PBXFileReference; lastKnownFileType = file.storyboard; name = Base; path = Base.lproj/Main.storyboard; sourceTree = "<group>"; };
		104115B02300DB1300645D4A /* Assets.xcassets */ = {isa = PBXFileReference; lastKnownFileType = folder.assetcatalog; path = Assets.xcassets; sourceTree = "<group>"; };
		104115B32300DB1300645D4A /* Base */ = {isa = PBXFileReference; lastKnownFileType = file.storyboard; name = Base; path = Base.lproj/LaunchScreen.storyboard; sourceTree = "<group>"; };
		104115B52300DB1300645D4A /* Info.plist */ = {isa = PBXFileReference; lastKnownFileType = text.plist.xml; path = Info.plist; sourceTree = "<group>"; };
		104115BB2301000E00645D4A /* OptionalChaining.swift */ = {isa = PBXFileReference; lastKnownFileType = sourcecode.swift; path = OptionalChaining.swift; sourceTree = "<group>"; };
/* End PBXFileReference section */

/* Begin PBXFrameworksBuildPhase section */
		104115A32300DB1100645D4A /* Frameworks */ = {
			isa = PBXFrameworksBuildPhase;
			buildActionMask = 2147483647;
			files = (
			);
			runOnlyForDeploymentPostprocessing = 0;
		};
/* End PBXFrameworksBuildPhase section */

/* Begin PBXGroup section */
		1041159D2300DB1100645D4A = {
			isa = PBXGroup;
			children = (
				104115A82300DB1100645D4A /* Optionals */,
				104115A72300DB1100645D4A /* Products */,
			);
			sourceTree = "<group>";
		};
		104115A72300DB1100645D4A /* Products */ = {
			isa = PBXGroup;
			children = (
				104115A62300DB1100645D4A /* Optionals.app */,
			);
			name = Products;
			sourceTree = "<group>";
		};
		104115A82300DB1100645D4A /* Optionals */ = {
			isa = PBXGroup;
			children = (
				104115A92300DB1100645D4A /* AppDelegate.swift */,
				104115AB2300DB1100645D4A /* ViewController.swift */,
				104115AD2300DB1100645D4A /* Main.storyboard */,
				104115B02300DB1300645D4A /* Assets.xcassets */,
				104115B22300DB1300645D4A /* LaunchScreen.storyboard */,
				104115B52300DB1300645D4A /* Info.plist */,
				104115BB2301000E00645D4A /* OptionalChaining.swift */,
			);
			path = Optionals;
			sourceTree = "<group>";
		};
/* End PBXGroup section */

/* Begin PBXNativeTarget section */
		104115A52300DB1100645D4A /* Optionals */ = {
			isa = PBXNativeTarget;
			buildConfigurationList = 104115B82300DB1300645D4A /* Build configuration list for PBXNativeTarget "Optionals" */;
			buildPhases = (
				104115A22300DB1100645D4A /* Sources */,
				104115A32300DB1100645D4A /* Frameworks */,
				104115A42300DB1100645D4A /* Resources */,
			);
			buildRules = (
			);
			dependencies = (
			);
			name = Optionals;
			productName = Optionals;
			productReference = 104115A62300DB1100645D4A /* Optionals.app */;
			productType = "com.apple.product-type.application";
		};
/* End PBXNativeTarget section */

/* Begin PBXProject section */
		1041159E2300DB1100645D4A /* Project object */ = {
			isa = PBXProject;
			attributes = {
				LastSwiftUpdateCheck = 1030;
				LastUpgradeCheck = 1030;
				ORGANIZATIONNAME = "Dipesh Trikam";
				TargetAttributes = {
					104115A52300DB1100645D4A = {
						CreatedOnToolsVersion = 10.3;
					};
				};
			};
			buildConfigurationList = 104115A12300DB1100645D4A /* Build configuration list for PBXProject "Optionals" */;
			compatibilityVersion = "Xcode 9.3";
			developmentRegion = en;
			hasScannedForEncodings = 0;
			knownRegions = (
				en,
				Base,
			);
			mainGroup = 1041159D2300DB1100645D4A;
			productRefGroup = 104115A72300DB1100645D4A /* Products */;
			projectDirPath = "";
			projectRoot = "";
			targets = (
				104115A52300DB1100645D4A /* Optionals */,
			);
		};
/* End PBXProject section */

/* Begin PBXResourcesBuildPhase section */
		104115A42300DB1100645D4A /* Resources */ = {
			isa = PBXResourcesBuildPhase;
			buildActionMask = 2147483647;
			files = (
				104115B42300DB1300645D4A /* LaunchScreen.storyboard in Resources */,
				104115B12300DB1300645D4A /* Assets.xcassets in Resources */,
				104115AF2300DB1100645D4A /* Main.storyboard in Resources */,
			);
			runOnlyForDeploymentPostprocessing = 0;
		};
/* End PBXResourcesBuildPhase section */

/* Begin PBXSourcesBuildPhase section */
		104115A22300DB1100645D4A /* Sources */ = {
			isa = PBXSourcesBuildPhase;
			buildActionMask = 2147483647;
			files = (
				104115AC2300DB1100645D4A /* ViewController.swift in Sources */,
				104115BC2301000E00645D4A /* OptionalChaining.swift in Sources */,
				104115AA2300DB1100645D4A /* AppDelegate.swift in Sources */,
			);
			runOnlyForDeploymentPostprocessing = 0;
		};
/* End PBXSourcesBuildPhase section */

/* Begin PBXVariantGroup section */
		104115AD2300DB1100645D4A /* Main.storyboard */ = {
			isa = PBXVariantGroup;
			children = (
				104115AE2300DB1100645D4A /* Base */,
			);
			name = Main.storyboard;
			sourceTree = "<group>";
		};
		104115B22300DB1300645D4A /* LaunchScreen.storyboard */ = {
			isa = PBXVariantGroup;
			children = (
				104115B32300DB1300645D4A /* Base */,
			);
			name = LaunchScreen.storyboard;
			sourceTree = "<group>";
		};
/* End PBXVariantGroup section */

/* Begin XCBuildConfiguration section */
		104115B62300DB1300645D4A /* Debug */ = {
			isa = XCBuildConfiguration;
			buildSettings = {
				ALWAYS_SEARCH_USER_PATHS = NO;
				CLANG_ANALYZER_NONNULL = YES;
				CLANG_ANALYZER_NUMBER_OBJECT_CONVERSION = YES_AGGRESSIVE;
				CLANG_CXX_LANGUAGE_STANDARD = "gnu++14";
				CLANG_CXX_LIBRARY = "libc++";
				CLANG_ENABLE_MODULES = YES;
				CLANG_ENABLE_OBJC_ARC = YES;
				CLANG_ENABLE_OBJC_WEAK = YES;
				CLANG_WARN_BLOCK_CAPTURE_AUTORELEASING = YES;
				CLANG_WARN_BOOL_CONVERSION = YES;
				CLANG_WARN_COMMA = YES;
				CLANG_WARN_CONSTANT_CONVERSION = YES;
				CLANG_WARN_DEPRECATED_OBJC_IMPLEMENTATIONS = YES;
				CLANG_WARN_DIRECT_OBJC_ISA_USAGE = YES_ERROR;
				CLANG_WARN_DOCUMENTATION_COMMENTS = YES;
				CLANG_WARN_EMPTY_BODY = YES;
				CLANG_WARN_ENUM_CONVERSION = YES;
				CLANG_WARN_INFINITE_RECURSION = YES;
				CLANG_WARN_INT_CONVERSION = YES;
				CLANG_WARN_NON_LITERAL_NULL_CONVERSION = YES;
				CLANG_WARN_OBJC_IMPLICIT_RETAIN_SELF = YES;
				CLANG_WARN_OBJC_LITERAL_CONVERSION = YES;
				CLANG_WARN_OBJC_ROOT_CLASS = YES_ERROR;
				CLANG_WARN_RANGE_LOOP_ANALYSIS = YES;
				CLANG_WARN_STRICT_PROTOTYPES = YES;
				CLANG_WARN_SUSPICIOUS_MOVE = YES;
				CLANG_WARN_UNGUARDED_AVAILABILITY = YES_AGGRESSIVE;
				CLANG_WARN_UNREACHABLE_CODE = YES;
				CLANG_WARN__DUPLICATE_METHOD_MATCH = YES;
				CODE_SIGN_IDENTITY = "iPhone Developer";
				COPY_PHASE_STRIP = NO;
				DEBUG_INFORMATION_FORMAT = dwarf;
				ENABLE_STRICT_OBJC_MSGSEND = YES;
				ENABLE_TESTABILITY = YES;
				GCC_C_LANGUAGE_STANDARD = gnu11;
				GCC_DYNAMIC_NO_PIC = NO;
				GCC_NO_COMMON_BLOCKS = YES;
				GCC_OPTIMIZATION_LEVEL = 0;
				GCC_PREPROCESSOR_DEFINITIONS = (
					"DEBUG=1",
					"$(inherited)",
				);
				GCC_WARN_64_TO_32_BIT_CONVERSION = YES;
				GCC_WARN_ABOUT_RETURN_TYPE = YES_ERROR;
				GCC_WARN_UNDECLARED_SELECTOR = YES;
				GCC_WARN_UNINITIALIZED_AUTOS = YES_AGGRESSIVE;
				GCC_WARN_UNUSED_FUNCTION = YES;
				GCC_WARN_UNUSED_VARIABLE = YES;
				IPHONEOS_DEPLOYMENT_TARGET = 12.4;
				MTL_ENABLE_DEBUG_INFO = INCLUDE_SOURCE;
				MTL_FAST_MATH = YES;
				ONLY_ACTIVE_ARCH = YES;
				SDKROOT = iphoneos;
				SWIFT_ACTIVE_COMPILATION_CONDITIONS = DEBUG;
				SWIFT_OPTIMIZATION_LEVEL = "-Onone";
			};
			name = Debug;
		};
		104115B72300DB1300645D4A /* Release */ = {
			isa = XCBuildConfiguration;
			buildSettings = {
				ALWAYS_SEARCH_USER_PATHS = NO;
				CLANG_ANALYZER_NONNULL = YES;
				CLANG_ANALYZER_NUMBER_OBJECT_CONVERSION = YES_AGGRESSIVE;
				CLANG_CXX_LANGUAGE_STANDARD = "gnu++14";
				CLANG_CXX_LIBRARY = "libc++";
				CLANG_ENABLE_MODULES = YES;
				CLANG_ENABLE_OBJC_ARC = YES;
				CLANG_ENABLE_OBJC_WEAK = YES;
				CLANG_WARN_BLOCK_CAPTURE_AUTORELEASING = YES;
				CLANG_WARN_BOOL_CONVERSION = YES;
				CLANG_WARN_COMMA = YES;
				CLANG_WARN_CONSTANT_CONVERSION = YES;
				CLANG_WARN_DEPRECATED_OBJC_IMPLEMENTATIONS = YES;
				CLANG_WARN_DIRECT_OBJC_ISA_USAGE = YES_ERROR;
				CLANG_WARN_DOCUMENTATION_COMMENTS = YES;
				CLANG_WARN_EMPTY_BODY = YES;
				CLANG_WARN_ENUM_CONVERSION = YES;
				CLANG_WARN_INFINITE_RECURSION = YES;
				CLANG_WARN_INT_CONVERSION = YES;
				CLANG_WARN_NON_LITERAL_NULL_CONVERSION = YES;
				CLANG_WARN_OBJC_IMPLICIT_RETAIN_SELF = YES;
				CLANG_WARN_OBJC_LITERAL_CONVERSION = YES;
				CLANG_WARN_OBJC_ROOT_CLASS = YES_ERROR;
				CLANG_WARN_RANGE_LOOP_ANALYSIS = YES;
				CLANG_WARN_STRICT_PROTOTYPES = YES;
				CLANG_WARN_SUSPICIOUS_MOVE = YES;
				CLANG_WARN_UNGUARDED_AVAILABILITY = YES_AGGRESSIVE;
				CLANG_WARN_UNREACHABLE_CODE = YES;
				CLANG_WARN__DUPLICATE_METHOD_MATCH = YES;
				CODE_SIGN_IDENTITY = "iPhone Developer";
				COPY_PHASE_STRIP = NO;
				DEBUG_INFORMATION_FORMAT = "dwarf-with-dsym";
				ENABLE_NS_ASSERTIONS = NO;
				ENABLE_STRICT_OBJC_MSGSEND = YES;
				GCC_C_LANGUAGE_STANDARD = gnu11;
				GCC_NO_COMMON_BLOCKS = YES;
				GCC_WARN_64_TO_32_BIT_CONVERSION = YES;
				GCC_WARN_ABOUT_RETURN_TYPE = YES_ERROR;
				GCC_WARN_UNDECLARED_SELECTOR = YES;
				GCC_WARN_UNINITIALIZED_AUTOS = YES_AGGRESSIVE;
				GCC_WARN_UNUSED_FUNCTION = YES;
				GCC_WARN_UNUSED_VARIABLE = YES;
				IPHONEOS_DEPLOYMENT_TARGET = 12.4;
				MTL_ENABLE_DEBUG_INFO = NO;
				MTL_FAST_MATH = YES;
				SDKROOT = iphoneos;
				SWIFT_COMPILATION_MODE = wholemodule;
				SWIFT_OPTIMIZATION_LEVEL = "-O";
				VALIDATE_PRODUCT = YES;
			};
			name = Release;
		};
		104115B92300DB1300645D4A /* Debug */ = {
			isa = XCBuildConfiguration;
			buildSettings = {
				ASSETCATALOG_COMPILER_APPICON_NAME = AppIcon;
				CODE_SIGN_STYLE = Automatic;
				DEVELOPMENT_TEAM = ZQFT5DPJDY;
				INFOPLIST_FILE = Optionals/Info.plist;
				LD_RUNPATH_SEARCH_PATHS = (
					"$(inherited)",
					"@executable_path/Frameworks",
				);
				PRODUCT_BUNDLE_IDENTIFIER = nz.ac.unitec.Optionals;
				PRODUCT_NAME = "$(TARGET_NAME)";
				SWIFT_VERSION = 5.0;
				TARGETED_DEVICE_FAMILY = "1,2";
			};
			name = Debug;
		};
		104115BA2300DB1300645D4A /* Release */ = {
			isa = XCBuildConfiguration;
			buildSettings = {
				ASSETCATALOG_COMPILER_APPICON_NAME = AppIcon;
				CODE_SIGN_STYLE = Automatic;
				DEVELOPMENT_TEAM = ZQFT5DPJDY;
				INFOPLIST_FILE = Optionals/Info.plist;
				LD_RUNPATH_SEARCH_PATHS = (
					"$(inherited)",
					"@executable_path/Frameworks",
				);
				PRODUCT_BUNDLE_IDENTIFIER = nz.ac.unitec.Optionals;
				PRODUCT_NAME = "$(TARGET_NAME)";
				SWIFT_VERSION = 5.0;
				TARGETED_DEVICE_FAMILY = "1,2";
			};
			name = Release;
		};
/* End XCBuildConfiguration section */

/* Begin XCConfigurationList section */
		104115A12300DB1100645D4A /* Build configuration list for PBXProject "Optionals" */ = {
			isa = XCConfigurationList;
			buildConfigurations = (
				104115B62300DB1300645D4A /* Debug */,
				104115B72300DB1300645D4A /* Release */,
			);
			defaultConfigurationIsVisible = 0;
			defaultConfigurationName = Release;
		};
		104115B82300DB1300645D4A /* Build configuration list for PBXNativeTarget "Optionals" */ = {
			isa = XCConfigurationList;
			buildConfigurations = (
				104115B92300DB1300645D4A /* Debug */,
				104115BA2300DB1300645D4A /* Release */,
			);
			defaultConfigurationIsVisible = 0;
			defaultConfigurationName = Release;
		};
/* End XCConfigurationList section */
	};
	rootObject = 1041159E2300DB1100645D4A /* Project object */;
}
