// !$*UTF8*$!
{
	archiveVersion = 1;
	classes = {
	};
	objectVersion = 50;
	objects = {

/* Begin PBXBuildFile section */
		107DD3982314AB6D00C5A614 /* AppDelegate.swift in Sources */ = {isa = PBXBuildFile; fileRef = 107DD3972314AB6D00C5A614 /* AppDelegate.swift */; };
		107DD39A2314AB6D00C5A614 /* RedViewController.swift in Sources */ = {isa = PBXBuildFile; fileRef = 107DD3992314AB6D00C5A614 /* RedViewController.swift */; };
		107DD39D2314AB6D00C5A614 /* Main.storyboard in Resources */ = {isa = PBXBuildFile; fileRef = 107DD39B2314AB6D00C5A614 /* Main.storyboard */; };
		107DD39F2314AB6E00C5A614 /* Assets.xcassets in Resources */ = {isa = PBXBuildFile; fileRef = 107DD39E2314AB6E00C5A614 /* Assets.xcassets */; };
		107DD3A22314AB6E00C5A614 /* LaunchScreen.storyboard in Resources */ = {isa = PBXBuildFile; fileRef = 107DD3A02314AB6E00C5A614 /* LaunchScreen.storyboard */; };
		107DD3AA2315EDB700C5A614 /* OrangeViewController.swift in Sources */ = {isa = PBXBuildFile; fileRef = 107DD3A92315EDB700C5A614 /* OrangeViewController.swift */; };
/* End PBXBuildFile section */

/* Begin PBXFileReference section */
		107DD3942314AB6D00C5A614 /* Tab Bar Controllers.app */ = {isa = PBXFileReference; explicitFileType = wrapper.application; includeInIndex = 0; path = "Tab Bar Controllers.app"; sourceTree = BUILT_PRODUCTS_DIR; };
		107DD3972314AB6D00C5A614 /* AppDelegate.swift */ = {isa = PBXFileReference; lastKnownFileType = sourcecode.swift; path = AppDelegate.swift; sourceTree = "<group>"; };
		107DD3992314AB6D00C5A614 /* RedViewController.swift */ = {isa = PBXFileReference; lastKnownFileType = sourcecode.swift; path = RedViewController.swift; sourceTree = "<group>"; };
		107DD39C2314AB6D00C5A614 /* Base */ = {isa = PBXFileReference; lastKnownFileType = file.storyboard; name = Base; path = Base.lproj/Main.storyboard; sourceTree = "<group>"; };
		107DD39E2314AB6E00C5A614 /* Assets.xcassets */ = {isa = PBXFileReference; lastKnownFileType = folder.assetcatalog; path = Assets.xcassets; sourceTree = "<group>"; };
		107DD3A12314AB6E00C5A614 /* Base */ = {isa = PBXFileReference; lastKnownFileType = file.storyboard; name = Base; path = Base.lproj/LaunchScreen.storyboard; sourceTree = "<group>"; };
		107DD3A32314AB6E00C5A614 /* Info.plist */ = {isa = PBXFileReference; lastKnownFileType = text.plist.xml; path = Info.plist; sourceTree = "<group>"; };
		107DD3A92315EDB700C5A614 /* OrangeViewController.swift */ = {isa = PBXFileReference; lastKnownFileType = sourcecode.swift; path = OrangeViewController.swift; sourceTree = "<group>"; };
/* End PBXFileReference section */

/* Begin PBXFrameworksBuildPhase section */
		107DD3912314AB6D00C5A614 /* Frameworks */ = {
			isa = PBXFrameworksBuildPhase;
			buildActionMask = 2147483647;
			files = (
			);
			runOnlyForDeploymentPostprocessing = 0;
		};
/* End PBXFrameworksBuildPhase section */

/* Begin PBXGroup section */
		107DD38B2314AB6D00C5A614 = {
			isa = PBXGroup;
			children = (
				107DD3962314AB6D00C5A614 /* Tab Bar Controllers */,
				107DD3952314AB6D00C5A614 /* Products */,
			);
			sourceTree = "<group>";
		};
		107DD3952314AB6D00C5A614 /* Products */ = {
			isa = PBXGroup;
			children = (
				107DD3942314AB6D00C5A614 /* Tab Bar Controllers.app */,
			);
			name = Products;
			sourceTree = "<group>";
		};
		107DD3962314AB6D00C5A614 /* Tab Bar Controllers */ = {
			isa = PBXGroup;
			children = (
				107DD3972314AB6D00C5A614 /* AppDelegate.swift */,
				107DD3992314AB6D00C5A614 /* RedViewController.swift */,
				107DD39B2314AB6D00C5A614 /* Main.storyboard */,
				107DD3A92315EDB700C5A614 /* OrangeViewController.swift */,
				107DD39E2314AB6E00C5A614 /* Assets.xcassets */,
				107DD3A02314AB6E00C5A614 /* LaunchScreen.storyboard */,
				107DD3A32314AB6E00C5A614 /* Info.plist */,
			);
			path = "Tab Bar Controllers";
			sourceTree = "<group>";
		};
/* End PBXGroup section */

/* Begin PBXNativeTarget section */
		107DD3932314AB6D00C5A614 /* Tab Bar Controllers */ = {
			isa = PBXNativeTarget;
			buildConfigurationList = 107DD3A62314AB6E00C5A614 /* Build configuration list for PBXNativeTarget "Tab Bar Controllers" */;
			buildPhases = (
				107DD3902314AB6D00C5A614 /* Sources */,
				107DD3912314AB6D00C5A614 /* Frameworks */,
				107DD3922314AB6D00C5A614 /* Resources */,
			);
			buildRules = (
			);
			dependencies = (
			);
			name = "Tab Bar Controllers";
			productName = "Tab Bar Controllers";
			productReference = 107DD3942314AB6D00C5A614 /* Tab Bar Controllers.app */;
			productType = "com.apple.product-type.application";
		};
/* End PBXNativeTarget section */

/* Begin PBXProject section */
		107DD38C2314AB6D00C5A614 /* Project object */ = {
			isa = PBXProject;
			attributes = {
				LastSwiftUpdateCheck = 1030;
				LastUpgradeCheck = 1030;
				ORGANIZATIONNAME = "Dipesh Trikam";
				TargetAttributes = {
					107DD3932314AB6D00C5A614 = {
						CreatedOnToolsVersion = 10.3;
					};
				};
			};
			buildConfigurationList = 107DD38F2314AB6D00C5A614 /* Build configuration list for PBXProject "Tab Bar Controllers" */;
			compatibilityVersion = "Xcode 9.3";
			developmentRegion = en;
			hasScannedForEncodings = 0;
			knownRegions = (
				en,
				Base,
			);
			mainGroup = 107DD38B2314AB6D00C5A614;
			productRefGroup = 107DD3952314AB6D00C5A614 /* Products */;
			projectDirPath = "";
			projectRoot = "";
			targets = (
				107DD3932314AB6D00C5A614 /* Tab Bar Controllers */,
			);
		};
/* End PBXProject section */

/* Begin PBXResourcesBuildPhase section */
		107DD3922314AB6D00C5A614 /* Resources */ = {
			isa = PBXResourcesBuildPhase;
			buildActionMask = 2147483647;
			files = (
				107DD3A22314AB6E00C5A614 /* LaunchScreen.storyboard in Resources */,
				107DD39F2314AB6E00C5A614 /* Assets.xcassets in Resources */,
				107DD39D2314AB6D00C5A614 /* Main.storyboard in Resources */,
			);
			runOnlyForDeploymentPostprocessing = 0;
		};
/* End PBXResourcesBuildPhase section */

/* Begin PBXSourcesBuildPhase section */
		107DD3902314AB6D00C5A614 /* Sources */ = {
			isa = PBXSourcesBuildPhase;
			buildActionMask = 2147483647;
			files = (
				107DD39A2314AB6D00C5A614 /* RedViewController.swift in Sources */,
				107DD3982314AB6D00C5A614 /* AppDelegate.swift in Sources */,
				107DD3AA2315EDB700C5A614 /* OrangeViewController.swift in Sources */,
			);
			runOnlyForDeploymentPostprocessing = 0;
		};
/* End PBXSourcesBuildPhase section */

/* Begin PBXVariantGroup section */
		107DD39B2314AB6D00C5A614 /* Main.storyboard */ = {
			isa = PBXVariantGroup;
			children = (
				107DD39C2314AB6D00C5A614 /* Base */,
			);
			name = Main.storyboard;
			sourceTree = "<group>";
		};
		107DD3A02314AB6E00C5A614 /* LaunchScreen.storyboard */ = {
			isa = PBXVariantGroup;
			children = (
				107DD3A12314AB6E00C5A614 /* Base */,
			);
			name = LaunchScreen.storyboard;
			sourceTree = "<group>";
		};
/* End PBXVariantGroup section */

/* Begin XCBuildConfiguration section */
		107DD3A42314AB6E00C5A614 /* Debug */ = {
			isa = XCBuildConfiguration;
			buildSettings = {
				ALWAYS_SEARCH_USER_PATHS = NO;
				CLANG_ANALYZER_NONNULL = YES;
				CLANG_ANALYZER_NUMBER_OBJECT_CONVERSION = YES_AGGRESSIVE;
				CLANG_CXX_LANGUAGE_STANDARD = "gnu++14";
				CLANG_CXX_LIBRARY = "libc++";
				CLANG_ENABLE_MODULES = YES;
				CLANG_ENABLE_OBJC_ARC = YES;
				CLANG_ENABLE_OBJC_WEAK = YES;
				CLANG_WARN_BLOCK_CAPTURE_AUTORELEASING = YES;
				CLANG_WARN_BOOL_CONVERSION = YES;
				CLANG_WARN_COMMA = YES;
				CLANG_WARN_CONSTANT_CONVERSION = YES;
				CLANG_WARN_DEPRECATED_OBJC_IMPLEMENTATIONS = YES;
				CLANG_WARN_DIRECT_OBJC_ISA_USAGE = YES_ERROR;
				CLANG_WARN_DOCUMENTATION_COMMENTS = YES;
				CLANG_WARN_EMPTY_BODY = YES;
				CLANG_WARN_ENUM_CONVERSION = YES;
				CLANG_WARN_INFINITE_RECURSION = YES;
				CLANG_WARN_INT_CONVERSION = YES;
				CLANG_WARN_NON_LITERAL_NULL_CONVERSION = YES;
				CLANG_WARN_OBJC_IMPLICIT_RETAIN_SELF = YES;
				CLANG_WARN_OBJC_LITERAL_CONVERSION = YES;
				CLANG_WARN_OBJC_ROOT_CLASS = YES_ERROR;
				CLANG_WARN_RANGE_LOOP_ANALYSIS = YES;
				CLANG_WARN_STRICT_PROTOTYPES = YES;
				CLANG_WARN_SUSPICIOUS_MOVE = YES;
				CLANG_WARN_UNGUARDED_AVAILABILITY = YES_AGGRESSIVE;
				CLANG_WARN_UNREACHABLE_CODE = YES;
				CLANG_WARN__DUPLICATE_METHOD_MATCH = YES;
				CODE_SIGN_IDENTITY = "iPhone Developer";
				COPY_PHASE_STRIP = NO;
				DEBUG_INFORMATION_FORMAT = dwarf;
				ENABLE_STRICT_OBJC_MSGSEND = YES;
				ENABLE_TESTABILITY = YES;
				GCC_C_LANGUAGE_STANDARD = gnu11;
				GCC_DYNAMIC_NO_PIC = NO;
				GCC_NO_COMMON_BLOCKS = YES;
				GCC_OPTIMIZATION_LEVEL = 0;
				GCC_PREPROCESSOR_DEFINITIONS = (
					"DEBUG=1",
					"$(inherited)",
				);
				GCC_WARN_64_TO_32_BIT_CONVERSION = YES;
				GCC_WARN_ABOUT_RETURN_TYPE = YES_ERROR;
				GCC_WARN_UNDECLARED_SELECTOR = YES;
				GCC_WARN_UNINITIALIZED_AUTOS = YES_AGGRESSIVE;
				GCC_WARN_UNUSED_FUNCTION = YES;
				GCC_WARN_UNUSED_VARIABLE = YES;
				IPHONEOS_DEPLOYMENT_TARGET = 12.4;
				MTL_ENABLE_DEBUG_INFO = INCLUDE_SOURCE;
				MTL_FAST_MATH = YES;
				ONLY_ACTIVE_ARCH = YES;
				SDKROOT = iphoneos;
				SWIFT_ACTIVE_COMPILATION_CONDITIONS = DEBUG;
				SWIFT_OPTIMIZATION_LEVEL = "-Onone";
			};
			name = Debug;
		};
		107DD3A52314AB6E00C5A614 /* Release */ = {
			isa = XCBuildConfiguration;
			buildSettings = {
				ALWAYS_SEARCH_USER_PATHS = NO;
				CLANG_ANALYZER_NONNULL = YES;
				CLANG_ANALYZER_NUMBER_OBJECT_CONVERSION = YES_AGGRESSIVE;
				CLANG_CXX_LANGUAGE_STANDARD = "gnu++14";
				CLANG_CXX_LIBRARY = "libc++";
				CLANG_ENABLE_MODULES = YES;
				CLANG_ENABLE_OBJC_ARC = YES;
				CLANG_ENABLE_OBJC_WEAK = YES;
				CLANG_WARN_BLOCK_CAPTURE_AUTORELEASING = YES;
				CLANG_WARN_BOOL_CONVERSION = YES;
				CLANG_WARN_COMMA = YES;
				CLANG_WARN_CONSTANT_CONVERSION = YES;
				CLANG_WARN_DEPRECATED_OBJC_IMPLEMENTATIONS = YES;
				CLANG_WARN_DIRECT_OBJC_ISA_USAGE = YES_ERROR;
				CLANG_WARN_DOCUMENTATION_COMMENTS = YES;
				CLANG_WARN_EMPTY_BODY = YES;
				CLANG_WARN_ENUM_CONVERSION = YES;
				CLANG_WARN_INFINITE_RECURSION = YES;
				CLANG_WARN_INT_CONVERSION = YES;
				CLANG_WARN_NON_LITERAL_NULL_CONVERSION = YES;
				CLANG_WARN_OBJC_IMPLICIT_RETAIN_SELF = YES;
				CLANG_WARN_OBJC_LITERAL_CONVERSION = YES;
				CLANG_WARN_OBJC_ROOT_CLASS = YES_ERROR;
				CLANG_WARN_RANGE_LOOP_ANALYSIS = YES;
				CLANG_WARN_STRICT_PROTOTYPES = YES;
				CLANG_WARN_SUSPICIOUS_MOVE = YES;
				CLANG_WARN_UNGUARDED_AVAILABILITY = YES_AGGRESSIVE;
				CLANG_WARN_UNREACHABLE_CODE = YES;
				CLANG_WARN__DUPLICATE_METHOD_MATCH = YES;
				CODE_SIGN_IDENTITY = "iPhone Developer";
				COPY_PHASE_STRIP = NO;
				DEBUG_INFORMATION_FORMAT = "dwarf-with-dsym";
				ENABLE_NS_ASSERTIONS = NO;
				ENABLE_STRICT_OBJC_MSGSEND = YES;
				GCC_C_LANGUAGE_STANDARD = gnu11;
				GCC_NO_COMMON_BLOCKS = YES;
				GCC_WARN_64_TO_32_BIT_CONVERSION = YES;
				GCC_WARN_ABOUT_RETURN_TYPE = YES_ERROR;
				GCC_WARN_UNDECLARED_SELECTOR = YES;
				GCC_WARN_UNINITIALIZED_AUTOS = YES_AGGRESSIVE;
				GCC_WARN_UNUSED_FUNCTION = YES;
				GCC_WARN_UNUSED_VARIABLE = YES;
				IPHONEOS_DEPLOYMENT_TARGET = 12.4;
				MTL_ENABLE_DEBUG_INFO = NO;
				MTL_FAST_MATH = YES;
				SDKROOT = iphoneos;
				SWIFT_COMPILATION_MODE = wholemodule;
				SWIFT_OPTIMIZATION_LEVEL = "-O";
				VALIDATE_PRODUCT = YES;
			};
			name = Release;
		};
		107DD3A72314AB6E00C5A614 /* Debug */ = {
			isa = XCBuildConfiguration;
			buildSettings = {
				ASSETCATALOG_COMPILER_APPICON_NAME = AppIcon;
				CODE_SIGN_STYLE = Automatic;
				DEVELOPMENT_TEAM = ZQFT5DPJDY;
				INFOPLIST_FILE = "Tab Bar Controllers/Info.plist";
				LD_RUNPATH_SEARCH_PATHS = (
					"$(inherited)",
					"@executable_path/Frameworks",
				);
				PRODUCT_BUNDLE_IDENTIFIER = "nz.ac.unitec.Tab-Bar-Controllers";
				PRODUCT_NAME = "$(TARGET_NAME)";
				SWIFT_VERSION = 5.0;
				TARGETED_DEVICE_FAMILY = "1,2";
			};
			name = Debug;
		};
		107DD3A82314AB6E00C5A614 /* Release */ = {
			isa = XCBuildConfiguration;
			buildSettings = {
				ASSETCATALOG_COMPILER_APPICON_NAME = AppIcon;
				CODE_SIGN_STYLE = Automatic;
				DEVELOPMENT_TEAM = ZQFT5DPJDY;
				INFOPLIST_FILE = "Tab Bar Controllers/Info.plist";
				LD_RUNPATH_SEARCH_PATHS = (
					"$(inherited)",
					"@executable_path/Frameworks",
				);
				PRODUCT_BUNDLE_IDENTIFIER = "nz.ac.unitec.Tab-Bar-Controllers";
				PRODUCT_NAME = "$(TARGET_NAME)";
				SWIFT_VERSION = 5.0;
				TARGETED_DEVICE_FAMILY = "1,2";
			};
			name = Release;
		};
/* End XCBuildConfiguration section */

/* Begin XCConfigurationList section */
		107DD38F2314AB6D00C5A614 /* Build configuration list for PBXProject "Tab Bar Controllers" */ = {
			isa = XCConfigurationList;
			buildConfigurations = (
				107DD3A42314AB6E00C5A614 /* Debug */,
				107DD3A52314AB6E00C5A614 /* Release */,
			);
			defaultConfigurationIsVisible = 0;
			defaultConfigurationName = Release;
		};
		107DD3A62314AB6E00C5A614 /* Build configuration list for PBXNativeTarget "Tab Bar Controllers" */ = {
			isa = XCConfigurationList;
			buildConfigurations = (
				107DD3A72314AB6E00C5A614 /* Debug */,
				107DD3A82314AB6E00C5A614 /* Release */,
			);
			defaultConfigurationIsVisible = 0;
			defaultConfigurationName = Release;
		};
/* End XCConfigurationList section */
	};
	rootObject = 107DD38C2314AB6D00C5A614 /* Project object */;
}
