// !$*UTF8*$!
{
	archiveVersion = 1;
	classes = {
	};
	objectVersion = 50;
	objects = {

/* Begin PBXBuildFile section */
		10EADE6A23249B0600D007DA /* AppDelegate.swift in Sources */ = {isa = PBXBuildFile; fileRef = 10EADE6923249B0600D007DA /* AppDelegate.swift */; };
		10EADE6C23249B0600D007DA /* ViewController.swift in Sources */ = {isa = PBXBuildFile; fileRef = 10EADE6B23249B0600D007DA /* ViewController.swift */; };
		10EADE6F23249B0600D007DA /* Main.storyboard in Resources */ = {isa = PBXBuildFile; fileRef = 10EADE6D23249B0600D007DA /* Main.storyboard */; };
		10EADE7123249B0800D007DA /* Assets.xcassets in Resources */ = {isa = PBXBuildFile; fileRef = 10EADE7023249B0800D007DA /* Assets.xcassets */; };
		10EADE7423249B0800D007DA /* LaunchScreen.storyboard in Resources */ = {isa = PBXBuildFile; fileRef = 10EADE7223249B0800D007DA /* LaunchScreen.storyboard */; };
		10EADE7E23249BDC00D007DA /* PhotoInfo.swift in Sources */ = {isa = PBXBuildFile; fileRef = 10EADE7D23249BDC00D007DA /* PhotoInfo.swift */; };
		10EADE8023249C0300D007DA /* URL+Helpers.swift in Sources */ = {isa = PBXBuildFile; fileRef = 10EADE7F23249C0300D007DA /* URL+Helpers.swift */; };
		10EADE8323249E1D00D007DA /* PhotoInfoController.swift in Sources */ = {isa = PBXBuildFile; fileRef = 10EADE8223249E1D00D007DA /* PhotoInfoController.swift */; };
/* End PBXBuildFile section */

/* Begin PBXFileReference section */
		10EADE6623249B0600D007DA /* SpacePhoto.app */ = {isa = PBXFileReference; explicitFileType = wrapper.application; includeInIndex = 0; path = SpacePhoto.app; sourceTree = BUILT_PRODUCTS_DIR; };
		10EADE6923249B0600D007DA /* AppDelegate.swift */ = {isa = PBXFileReference; lastKnownFileType = sourcecode.swift; path = AppDelegate.swift; sourceTree = "<group>"; };
		10EADE6B23249B0600D007DA /* ViewController.swift */ = {isa = PBXFileReference; lastKnownFileType = sourcecode.swift; path = ViewController.swift; sourceTree = "<group>"; };
		10EADE6E23249B0600D007DA /* Base */ = {isa = PBXFileReference; lastKnownFileType = file.storyboard; name = Base; path = Base.lproj/Main.storyboard; sourceTree = "<group>"; };
		10EADE7023249B0800D007DA /* Assets.xcassets */ = {isa = PBXFileReference; lastKnownFileType = folder.assetcatalog; path = Assets.xcassets; sourceTree = "<group>"; };
		10EADE7323249B0800D007DA /* Base */ = {isa = PBXFileReference; lastKnownFileType = file.storyboard; name = Base; path = Base.lproj/LaunchScreen.storyboard; sourceTree = "<group>"; };
		10EADE7523249B0800D007DA /* Info.plist */ = {isa = PBXFileReference; lastKnownFileType = text.plist.xml; path = Info.plist; sourceTree = "<group>"; };
		10EADE7D23249BDC00D007DA /* PhotoInfo.swift */ = {isa = PBXFileReference; lastKnownFileType = sourcecode.swift; path = PhotoInfo.swift; sourceTree = "<group>"; };
		10EADE7F23249C0300D007DA /* URL+Helpers.swift */ = {isa = PBXFileReference; lastKnownFileType = sourcecode.swift; path = "URL+Helpers.swift"; sourceTree = "<group>"; };
		10EADE8223249E1D00D007DA /* PhotoInfoController.swift */ = {isa = PBXFileReference; lastKnownFileType = sourcecode.swift; path = PhotoInfoController.swift; sourceTree = "<group>"; };
/* End PBXFileReference section */

/* Begin PBXFrameworksBuildPhase section */
		10EADE6323249B0600D007DA /* Frameworks */ = {
			isa = PBXFrameworksBuildPhase;
			buildActionMask = 2147483647;
			files = (
			);
			runOnlyForDeploymentPostprocessing = 0;
		};
/* End PBXFrameworksBuildPhase section */

/* Begin PBXGroup section */
		10EADE5D23249B0600D007DA = {
			isa = PBXGroup;
			children = (
				10EADE6823249B0600D007DA /* SpacePhoto */,
				10EADE6723249B0600D007DA /* Products */,
			);
			sourceTree = "<group>";
		};
		10EADE6723249B0600D007DA /* Products */ = {
			isa = PBXGroup;
			children = (
				10EADE6623249B0600D007DA /* SpacePhoto.app */,
			);
			name = Products;
			sourceTree = "<group>";
		};
		10EADE6823249B0600D007DA /* SpacePhoto */ = {
			isa = PBXGroup;
			children = (
				10EADE8123249E0100D007DA /* ModelControllers */,
				10EADE7C23249BC200D007DA /* Data */,
				10EADE7B23249B6C00D007DA /* Extensions */,
				10EADE6923249B0600D007DA /* AppDelegate.swift */,
				10EADE6B23249B0600D007DA /* ViewController.swift */,
				10EADE6D23249B0600D007DA /* Main.storyboard */,
				10EADE7023249B0800D007DA /* Assets.xcassets */,
				10EADE7223249B0800D007DA /* LaunchScreen.storyboard */,
				10EADE7523249B0800D007DA /* Info.plist */,
			);
			path = SpacePhoto;
			sourceTree = "<group>";
		};
		10EADE7B23249B6C00D007DA /* Extensions */ = {
			isa = PBXGroup;
			children = (
				10EADE7F23249C0300D007DA /* URL+Helpers.swift */,
			);
			path = Extensions;
			sourceTree = "<group>";
		};
		10EADE7C23249BC200D007DA /* Data */ = {
			isa = PBXGroup;
			children = (
				10EADE7D23249BDC00D007DA /* PhotoInfo.swift */,
			);
			path = Data;
			sourceTree = "<group>";
		};
		10EADE8123249E0100D007DA /* ModelControllers */ = {
			isa = PBXGroup;
			children = (
				10EADE8223249E1D00D007DA /* PhotoInfoController.swift */,
			);
			path = ModelControllers;
			sourceTree = "<group>";
		};
/* End PBXGroup section */

/* Begin PBXNativeTarget section */
		10EADE6523249B0600D007DA /* SpacePhoto */ = {
			isa = PBXNativeTarget;
			buildConfigurationList = 10EADE7823249B0800D007DA /* Build configuration list for PBXNativeTarget "SpacePhoto" */;
			buildPhases = (
				10EADE6223249B0600D007DA /* Sources */,
				10EADE6323249B0600D007DA /* Frameworks */,
				10EADE6423249B0600D007DA /* Resources */,
			);
			buildRules = (
			);
			dependencies = (
			);
			name = SpacePhoto;
			productName = SpacePhoto;
			productReference = 10EADE6623249B0600D007DA /* SpacePhoto.app */;
			productType = "com.apple.product-type.application";
		};
/* End PBXNativeTarget section */

/* Begin PBXProject section */
		10EADE5E23249B0600D007DA /* Project object */ = {
			isa = PBXProject;
			attributes = {
				LastSwiftUpdateCheck = 1030;
				LastUpgradeCheck = 1030;
				ORGANIZATIONNAME = "Dipesh Kumar Trikam";
				TargetAttributes = {
					10EADE6523249B0600D007DA = {
						CreatedOnToolsVersion = 10.3;
					};
				};
			};
			buildConfigurationList = 10EADE6123249B0600D007DA /* Build configuration list for PBXProject "SpacePhoto" */;
			compatibilityVersion = "Xcode 9.3";
			developmentRegion = en;
			hasScannedForEncodings = 0;
			knownRegions = (
				en,
				Base,
			);
			mainGroup = 10EADE5D23249B0600D007DA;
			productRefGroup = 10EADE6723249B0600D007DA /* Products */;
			projectDirPath = "";
			projectRoot = "";
			targets = (
				10EADE6523249B0600D007DA /* SpacePhoto */,
			);
		};
/* End PBXProject section */

/* Begin PBXResourcesBuildPhase section */
		10EADE6423249B0600D007DA /* Resources */ = {
			isa = PBXResourcesBuildPhase;
			buildActionMask = 2147483647;
			files = (
				10EADE7423249B0800D007DA /* LaunchScreen.storyboard in Resources */,
				10EADE7123249B0800D007DA /* Assets.xcassets in Resources */,
				10EADE6F23249B0600D007DA /* Main.storyboard in Resources */,
			);
			runOnlyForDeploymentPostprocessing = 0;
		};
/* End PBXResourcesBuildPhase section */

/* Begin PBXSourcesBuildPhase section */
		10EADE6223249B0600D007DA /* Sources */ = {
			isa = PBXSourcesBuildPhase;
			buildActionMask = 2147483647;
			files = (
				10EADE7E23249BDC00D007DA /* PhotoInfo.swift in Sources */,
				10EADE8323249E1D00D007DA /* PhotoInfoController.swift in Sources */,
				10EADE8023249C0300D007DA /* URL+Helpers.swift in Sources */,
				10EADE6C23249B0600D007DA /* ViewController.swift in Sources */,
				10EADE6A23249B0600D007DA /* AppDelegate.swift in Sources */,
			);
			runOnlyForDeploymentPostprocessing = 0;
		};
/* End PBXSourcesBuildPhase section */

/* Begin PBXVariantGroup section */
		10EADE6D23249B0600D007DA /* Main.storyboard */ = {
			isa = PBXVariantGroup;
			children = (
				10EADE6E23249B0600D007DA /* Base */,
			);
			name = Main.storyboard;
			sourceTree = "<group>";
		};
		10EADE7223249B0800D007DA /* LaunchScreen.storyboard */ = {
			isa = PBXVariantGroup;
			children = (
				10EADE7323249B0800D007DA /* Base */,
			);
			name = LaunchScreen.storyboard;
			sourceTree = "<group>";
		};
/* End PBXVariantGroup section */

/* Begin XCBuildConfiguration section */
		10EADE7623249B0800D007DA /* Debug */ = {
			isa = XCBuildConfiguration;
			buildSettings = {
				ALWAYS_SEARCH_USER_PATHS = NO;
				CLANG_ANALYZER_NONNULL = YES;
				CLANG_ANALYZER_NUMBER_OBJECT_CONVERSION = YES_AGGRESSIVE;
				CLANG_CXX_LANGUAGE_STANDARD = "gnu++14";
				CLANG_CXX_LIBRARY = "libc++";
				CLANG_ENABLE_MODULES = YES;
				CLANG_ENABLE_OBJC_ARC = YES;
				CLANG_ENABLE_OBJC_WEAK = YES;
				CLANG_WARN_BLOCK_CAPTURE_AUTORELEASING = YES;
				CLANG_WARN_BOOL_CONVERSION = YES;
				CLANG_WARN_COMMA = YES;
				CLANG_WARN_CONSTANT_CONVERSION = YES;
				CLANG_WARN_DEPRECATED_OBJC_IMPLEMENTATIONS = YES;
				CLANG_WARN_DIRECT_OBJC_ISA_USAGE = YES_ERROR;
				CLANG_WARN_DOCUMENTATION_COMMENTS = YES;
				CLANG_WARN_EMPTY_BODY = YES;
				CLANG_WARN_ENUM_CONVERSION = YES;
				CLANG_WARN_INFINITE_RECURSION = YES;
				CLANG_WARN_INT_CONVERSION = YES;
				CLANG_WARN_NON_LITERAL_NULL_CONVERSION = YES;
				CLANG_WARN_OBJC_IMPLICIT_RETAIN_SELF = YES;
				CLANG_WARN_OBJC_LITERAL_CONVERSION = YES;
				CLANG_WARN_OBJC_ROOT_CLASS = YES_ERROR;
				CLANG_WARN_RANGE_LOOP_ANALYSIS = YES;
				CLANG_WARN_STRICT_PROTOTYPES = YES;
				CLANG_WARN_SUSPICIOUS_MOVE = YES;
				CLANG_WARN_UNGUARDED_AVAILABILITY = YES_AGGRESSIVE;
				CLANG_WARN_UNREACHABLE_CODE = YES;
				CLANG_WARN__DUPLICATE_METHOD_MATCH = YES;
				CODE_SIGN_IDENTITY = "iPhone Developer";
				COPY_PHASE_STRIP = NO;
				DEBUG_INFORMATION_FORMAT = dwarf;
				ENABLE_STRICT_OBJC_MSGSEND = YES;
				ENABLE_TESTABILITY = YES;
				GCC_C_LANGUAGE_STANDARD = gnu11;
				GCC_DYNAMIC_NO_PIC = NO;
				GCC_NO_COMMON_BLOCKS = YES;
				GCC_OPTIMIZATION_LEVEL = 0;
				GCC_PREPROCESSOR_DEFINITIONS = (
					"DEBUG=1",
					"$(inherited)",
				);
				GCC_WARN_64_TO_32_BIT_CONVERSION = YES;
				GCC_WARN_ABOUT_RETURN_TYPE = YES_ERROR;
				GCC_WARN_UNDECLARED_SELECTOR = YES;
				GCC_WARN_UNINITIALIZED_AUTOS = YES_AGGRESSIVE;
				GCC_WARN_UNUSED_FUNCTION = YES;
				GCC_WARN_UNUSED_VARIABLE = YES;
				IPHONEOS_DEPLOYMENT_TARGET = 12.4;
				MTL_ENABLE_DEBUG_INFO = INCLUDE_SOURCE;
				MTL_FAST_MATH = YES;
				ONLY_ACTIVE_ARCH = YES;
				SDKROOT = iphoneos;
				SWIFT_ACTIVE_COMPILATION_CONDITIONS = DEBUG;
				SWIFT_OPTIMIZATION_LEVEL = "-Onone";
			};
			name = Debug;
		};
		10EADE7723249B0800D007DA /* Release */ = {
			isa = XCBuildConfiguration;
			buildSettings = {
				ALWAYS_SEARCH_USER_PATHS = NO;
				CLANG_ANALYZER_NONNULL = YES;
				CLANG_ANALYZER_NUMBER_OBJECT_CONVERSION = YES_AGGRESSIVE;
				CLANG_CXX_LANGUAGE_STANDARD = "gnu++14";
				CLANG_CXX_LIBRARY = "libc++";
				CLANG_ENABLE_MODULES = YES;
				CLANG_ENABLE_OBJC_ARC = YES;
				CLANG_ENABLE_OBJC_WEAK = YES;
				CLANG_WARN_BLOCK_CAPTURE_AUTORELEASING = YES;
				CLANG_WARN_BOOL_CONVERSION = YES;
				CLANG_WARN_COMMA = YES;
				CLANG_WARN_CONSTANT_CONVERSION = YES;
				CLANG_WARN_DEPRECATED_OBJC_IMPLEMENTATIONS = YES;
				CLANG_WARN_DIRECT_OBJC_ISA_USAGE = YES_ERROR;
				CLANG_WARN_DOCUMENTATION_COMMENTS = YES;
				CLANG_WARN_EMPTY_BODY = YES;
				CLANG_WARN_ENUM_CONVERSION = YES;
				CLANG_WARN_INFINITE_RECURSION = YES;
				CLANG_WARN_INT_CONVERSION = YES;
				CLANG_WARN_NON_LITERAL_NULL_CONVERSION = YES;
				CLANG_WARN_OBJC_IMPLICIT_RETAIN_SELF = YES;
				CLANG_WARN_OBJC_LITERAL_CONVERSION = YES;
				CLANG_WARN_OBJC_ROOT_CLASS = YES_ERROR;
				CLANG_WARN_RANGE_LOOP_ANALYSIS = YES;
				CLANG_WARN_STRICT_PROTOTYPES = YES;
				CLANG_WARN_SUSPICIOUS_MOVE = YES;
				CLANG_WARN_UNGUARDED_AVAILABILITY = YES_AGGRESSIVE;
				CLANG_WARN_UNREACHABLE_CODE = YES;
				CLANG_WARN__DUPLICATE_METHOD_MATCH = YES;
				CODE_SIGN_IDENTITY = "iPhone Developer";
				COPY_PHASE_STRIP = NO;
				DEBUG_INFORMATION_FORMAT = "dwarf-with-dsym";
				ENABLE_NS_ASSERTIONS = NO;
				ENABLE_STRICT_OBJC_MSGSEND = YES;
				GCC_C_LANGUAGE_STANDARD = gnu11;
				GCC_NO_COMMON_BLOCKS = YES;
				GCC_WARN_64_TO_32_BIT_CONVERSION = YES;
				GCC_WARN_ABOUT_RETURN_TYPE = YES_ERROR;
				GCC_WARN_UNDECLARED_SELECTOR = YES;
				GCC_WARN_UNINITIALIZED_AUTOS = YES_AGGRESSIVE;
				GCC_WARN_UNUSED_FUNCTION = YES;
				GCC_WARN_UNUSED_VARIABLE = YES;
				IPHONEOS_DEPLOYMENT_TARGET = 12.4;
				MTL_ENABLE_DEBUG_INFO = NO;
				MTL_FAST_MATH = YES;
				SDKROOT = iphoneos;
				SWIFT_COMPILATION_MODE = wholemodule;
				SWIFT_OPTIMIZATION_LEVEL = "-O";
				VALIDATE_PRODUCT = YES;
			};
			name = Release;
		};
		10EADE7923249B0800D007DA /* Debug */ = {
			isa = XCBuildConfiguration;
			buildSettings = {
				ASSETCATALOG_COMPILER_APPICON_NAME = AppIcon;
				CODE_SIGN_STYLE = Automatic;
				DEVELOPMENT_TEAM = FUBHMKB8QZ;
				INFOPLIST_FILE = SpacePhoto/Info.plist;
				LD_RUNPATH_SEARCH_PATHS = (
					"$(inherited)",
					"@executable_path/Frameworks",
				);
				PRODUCT_BUNDLE_IDENTIFIER = co.nz.unitec.SpacePhoto;
				PRODUCT_NAME = "$(TARGET_NAME)";
				SWIFT_VERSION = 5.0;
				TARGETED_DEVICE_FAMILY = "1,2";
			};
			name = Debug;
		};
		10EADE7A23249B0800D007DA /* Release */ = {
			isa = XCBuildConfiguration;
			buildSettings = {
				ASSETCATALOG_COMPILER_APPICON_NAME = AppIcon;
				CODE_SIGN_STYLE = Automatic;
				DEVELOPMENT_TEAM = FUBHMKB8QZ;
				INFOPLIST_FILE = SpacePhoto/Info.plist;
				LD_RUNPATH_SEARCH_PATHS = (
					"$(inherited)",
					"@executable_path/Frameworks",
				);
				PRODUCT_BUNDLE_IDENTIFIER = co.nz.unitec.SpacePhoto;
				PRODUCT_NAME = "$(TARGET_NAME)";
				SWIFT_VERSION = 5.0;
				TARGETED_DEVICE_FAMILY = "1,2";
			};
			name = Release;
		};
/* End XCBuildConfiguration section */

/* Begin XCConfigurationList section */
		10EADE6123249B0600D007DA /* Build configuration list for PBXProject "SpacePhoto" */ = {
			isa = XCConfigurationList;
			buildConfigurations = (
				10EADE7623249B0800D007DA /* Debug */,
				10EADE7723249B0800D007DA /* Release */,
			);
			defaultConfigurationIsVisible = 0;
			defaultConfigurationName = Release;
		};
		10EADE7823249B0800D007DA /* Build configuration list for PBXNativeTarget "SpacePhoto" */ = {
			isa = XCConfigurationList;
			buildConfigurations = (
				10EADE7923249B0800D007DA /* Debug */,
				10EADE7A23249B0800D007DA /* Release */,
			);
			defaultConfigurationIsVisible = 0;
			defaultConfigurationName = Release;
		};
/* End XCConfigurationList section */
	};
	rootObject = 10EADE5E23249B0600D007DA /* Project object */;
}
