// !$*UTF8*$!
{
	archiveVersion = 1;
	classes = {
	};
	objectVersion = 50;
	objects = {

/* Begin PBXBuildFile section */
		0C2BE50F212F9A31001FD5D7 /* AppDelegate.swift in Sources */ = {isa = PBXBuildFile; fileRef = 0C2BE50E212F9A31001FD5D7 /* AppDelegate.swift */; };
		0C2BE511212F9A31001FD5D7 /* ViewController.swift in Sources */ = {isa = PBXBuildFile; fileRef = 0C2BE510212F9A31001FD5D7 /* ViewController.swift */; };
		0C2BE514212F9A31001FD5D7 /* Main.storyboard in Resources */ = {isa = PBXBuildFile; fileRef = 0C2BE512212F9A31001FD5D7 /* Main.storyboard */; };
		0C2BE516212F9A31001FD5D7 /* Assets.xcassets in Resources */ = {isa = PBXBuildFile; fileRef = 0C2BE515212F9A31001FD5D7 /* Assets.xcassets */; };
		0C2BE519212F9A31001FD5D7 /* LaunchScreen.storyboard in Resources */ = {isa = PBXBuildFile; fileRef = 0C2BE517212F9A31001FD5D7 /* LaunchScreen.storyboard */; };
		0C2BE536212F9B49001FD5D7 /* 5.wav in Resources */ = {isa = PBXBuildFile; fileRef = 0C2BE52F212F9B48001FD5D7 /* 5.wav */; };
		0C2BE537212F9B49001FD5D7 /* 4.wav in Resources */ = {isa = PBXBuildFile; fileRef = 0C2BE530212F9B48001FD5D7 /* 4.wav */; };
		0C2BE538212F9B49001FD5D7 /* 3.wav in Resources */ = {isa = PBXBuildFile; fileRef = 0C2BE531212F9B48001FD5D7 /* 3.wav */; };
		0C2BE539212F9B49001FD5D7 /* 2.wav in Resources */ = {isa = PBXBuildFile; fileRef = 0C2BE532212F9B48001FD5D7 /* 2.wav */; };
		0C2BE53A212F9B49001FD5D7 /* 6.wav in Resources */ = {isa = PBXBuildFile; fileRef = 0C2BE533212F9B48001FD5D7 /* 6.wav */; };
		0C2BE53B212F9B49001FD5D7 /* 0.wav in Resources */ = {isa = PBXBuildFile; fileRef = 0C2BE534212F9B48001FD5D7 /* 0.wav */; };
		0C2BE53C212F9B49001FD5D7 /* 1.wav in Resources */ = {isa = PBXBuildFile; fileRef = 0C2BE535212F9B48001FD5D7 /* 1.wav */; };
/* End PBXBuildFile section */

/* Begin PBXFileReference section */
		0C2BE50B212F9A31001FD5D7 /* Xylophone.app */ = {isa = PBXFileReference; explicitFileType = wrapper.application; includeInIndex = 0; path = Xylophone.app; sourceTree = BUILT_PRODUCTS_DIR; };
		0C2BE50E212F9A31001FD5D7 /* AppDelegate.swift */ = {isa = PBXFileReference; lastKnownFileType = sourcecode.swift; path = AppDelegate.swift; sourceTree = "<group>"; };
		0C2BE510212F9A31001FD5D7 /* ViewController.swift */ = {isa = PBXFileReference; lastKnownFileType = sourcecode.swift; path = ViewController.swift; sourceTree = "<group>"; };
		0C2BE513212F9A31001FD5D7 /* Base */ = {isa = PBXFileReference; lastKnownFileType = file.storyboard; name = Base; path = Base.lproj/Main.storyboard; sourceTree = "<group>"; };
		0C2BE515212F9A31001FD5D7 /* Assets.xcassets */ = {isa = PBXFileReference; lastKnownFileType = folder.assetcatalog; path = Assets.xcassets; sourceTree = "<group>"; };
		0C2BE518212F9A31001FD5D7 /* Base */ = {isa = PBXFileReference; lastKnownFileType = file.storyboard; name = Base; path = Base.lproj/LaunchScreen.storyboard; sourceTree = "<group>"; };
		0C2BE51A212F9A31001FD5D7 /* Info.plist */ = {isa = PBXFileReference; lastKnownFileType = text.plist.xml; path = Info.plist; sourceTree = "<group>"; };
		0C2BE52F212F9B48001FD5D7 /* 5.wav */ = {isa = PBXFileReference; lastKnownFileType = audio.wav; path = 5.wav; sourceTree = "<group>"; };
		0C2BE530212F9B48001FD5D7 /* 4.wav */ = {isa = PBXFileReference; lastKnownFileType = audio.wav; path = 4.wav; sourceTree = "<group>"; };
		0C2BE531212F9B48001FD5D7 /* 3.wav */ = {isa = PBXFileReference; lastKnownFileType = audio.wav; path = 3.wav; sourceTree = "<group>"; };
		0C2BE532212F9B48001FD5D7 /* 2.wav */ = {isa = PBXFileReference; lastKnownFileType = audio.wav; path = 2.wav; sourceTree = "<group>"; };
		0C2BE533212F9B48001FD5D7 /* 6.wav */ = {isa = PBXFileReference; lastKnownFileType = audio.wav; path = 6.wav; sourceTree = "<group>"; };
		0C2BE534212F9B48001FD5D7 /* 0.wav */ = {isa = PBXFileReference; lastKnownFileType = audio.wav; path = 0.wav; sourceTree = "<group>"; };
		0C2BE535212F9B48001FD5D7 /* 1.wav */ = {isa = PBXFileReference; lastKnownFileType = audio.wav; path = 1.wav; sourceTree = "<group>"; };
/* End PBXFileReference section */

/* Begin PBXFrameworksBuildPhase section */
		0C2BE508212F9A31001FD5D7 /* Frameworks */ = {
			isa = PBXFrameworksBuildPhase;
			buildActionMask = 2147483647;
			files = (
			);
			runOnlyForDeploymentPostprocessing = 0;
		};
/* End PBXFrameworksBuildPhase section */

/* Begin PBXGroup section */
		0C2BE502212F9A31001FD5D7 = {
			isa = PBXGroup;
			children = (
				0C2BE50D212F9A31001FD5D7 /* Xylophone */,
				0C2BE50C212F9A31001FD5D7 /* Products */,
			);
			sourceTree = "<group>";
		};
		0C2BE50C212F9A31001FD5D7 /* Products */ = {
			isa = PBXGroup;
			children = (
				0C2BE50B212F9A31001FD5D7 /* Xylophone.app */,
			);
			name = Products;
			sourceTree = "<group>";
		};
		0C2BE50D212F9A31001FD5D7 /* Xylophone */ = {
			isa = PBXGroup;
			children = (
				0C2BE520212F9B15001FD5D7 /* Sounds */,
				0C2BE50E212F9A31001FD5D7 /* AppDelegate.swift */,
				0C2BE510212F9A31001FD5D7 /* ViewController.swift */,
				0C2BE512212F9A31001FD5D7 /* Main.storyboard */,
				0C2BE515212F9A31001FD5D7 /* Assets.xcassets */,
				0C2BE517212F9A31001FD5D7 /* LaunchScreen.storyboard */,
				0C2BE51A212F9A31001FD5D7 /* Info.plist */,
			);
			path = Xylophone;
			sourceTree = "<group>";
		};
		0C2BE520212F9B15001FD5D7 /* Sounds */ = {
			isa = PBXGroup;
			children = (
				0C2BE534212F9B48001FD5D7 /* 0.wav */,
				0C2BE535212F9B48001FD5D7 /* 1.wav */,
				0C2BE532212F9B48001FD5D7 /* 2.wav */,
				0C2BE531212F9B48001FD5D7 /* 3.wav */,
				0C2BE530212F9B48001FD5D7 /* 4.wav */,
				0C2BE52F212F9B48001FD5D7 /* 5.wav */,
				0C2BE533212F9B48001FD5D7 /* 6.wav */,
			);
			path = Sounds;
			sourceTree = "<group>";
		};
/* End PBXGroup section */

/* Begin PBXNativeTarget section */
		0C2BE50A212F9A31001FD5D7 /* Xylophone */ = {
			isa = PBXNativeTarget;
			buildConfigurationList = 0C2BE51D212F9A31001FD5D7 /* Build configuration list for PBXNativeTarget "Xylophone" */;
			buildPhases = (
				0C2BE507212F9A31001FD5D7 /* Sources */,
				0C2BE508212F9A31001FD5D7 /* Frameworks */,
				0C2BE509212F9A31001FD5D7 /* Resources */,
			);
			buildRules = (
			);
			dependencies = (
			);
			name = Xylophone;
			productName = Xylophone;
			productReference = 0C2BE50B212F9A31001FD5D7 /* Xylophone.app */;
			productType = "com.apple.product-type.application";
		};
/* End PBXNativeTarget section */

/* Begin PBXProject section */
		0C2BE503212F9A31001FD5D7 /* Project object */ = {
			isa = PBXProject;
			attributes = {
				LastSwiftUpdateCheck = 0940;
				LastUpgradeCheck = 0940;
				ORGANIZATIONNAME = Hayden;
				TargetAttributes = {
					0C2BE50A212F9A31001FD5D7 = {
						CreatedOnToolsVersion = 9.4.1;
					};
				};
			};
			buildConfigurationList = 0C2BE506212F9A31001FD5D7 /* Build configuration list for PBXProject "Xylophone" */;
			compatibilityVersion = "Xcode 9.3";
			developmentRegion = en;
			hasScannedForEncodings = 0;
			knownRegions = (
				en,
				Base,
			);
			mainGroup = 0C2BE502212F9A31001FD5D7;
			productRefGroup = 0C2BE50C212F9A31001FD5D7 /* Products */;
			projectDirPath = "";
			projectRoot = "";
			targets = (
				0C2BE50A212F9A31001FD5D7 /* Xylophone */,
			);
		};
/* End PBXProject section */

/* Begin PBXResourcesBuildPhase section */
		0C2BE509212F9A31001FD5D7 /* Resources */ = {
			isa = PBXResourcesBuildPhase;
			buildActionMask = 2147483647;
			files = (
				0C2BE53A212F9B49001FD5D7 /* 6.wav in Resources */,
				0C2BE539212F9B49001FD5D7 /* 2.wav in Resources */,
				0C2BE519212F9A31001FD5D7 /* LaunchScreen.storyboard in Resources */,
				0C2BE53C212F9B49001FD5D7 /* 1.wav in Resources */,
				0C2BE53B212F9B49001FD5D7 /* 0.wav in Resources */,
				0C2BE516212F9A31001FD5D7 /* Assets.xcassets in Resources */,
				0C2BE537212F9B49001FD5D7 /* 4.wav in Resources */,
				0C2BE538212F9B49001FD5D7 /* 3.wav in Resources */,
				0C2BE514212F9A31001FD5D7 /* Main.storyboard in Resources */,
				0C2BE536212F9B49001FD5D7 /* 5.wav in Resources */,
			);
			runOnlyForDeploymentPostprocessing = 0;
		};
/* End PBXResourcesBuildPhase section */

/* Begin PBXSourcesBuildPhase section */
		0C2BE507212F9A31001FD5D7 /* Sources */ = {
			isa = PBXSourcesBuildPhase;
			buildActionMask = 2147483647;
			files = (
				0C2BE511212F9A31001FD5D7 /* ViewController.swift in Sources */,
				0C2BE50F212F9A31001FD5D7 /* AppDelegate.swift in Sources */,
			);
			runOnlyForDeploymentPostprocessing = 0;
		};
/* End PBXSourcesBuildPhase section */

/* Begin PBXVariantGroup section */
		0C2BE512212F9A31001FD5D7 /* Main.storyboard */ = {
			isa = PBXVariantGroup;
			children = (
				0C2BE513212F9A31001FD5D7 /* Base */,
			);
			name = Main.storyboard;
			sourceTree = "<group>";
		};
		0C2BE517212F9A31001FD5D7 /* LaunchScreen.storyboard */ = {
			isa = PBXVariantGroup;
			children = (
				0C2BE518212F9A31001FD5D7 /* Base */,
			);
			name = LaunchScreen.storyboard;
			sourceTree = "<group>";
		};
/* End PBXVariantGroup section */

/* Begin XCBuildConfiguration section */
		0C2BE51B212F9A31001FD5D7 /* Debug */ = {
			isa = XCBuildConfiguration;
			buildSettings = {
				ALWAYS_SEARCH_USER_PATHS = NO;
				CLANG_ANALYZER_NONNULL = YES;
				CLANG_ANALYZER_NUMBER_OBJECT_CONVERSION = YES_AGGRESSIVE;
				CLANG_CXX_LANGUAGE_STANDARD = "gnu++14";
				CLANG_CXX_LIBRARY = "libc++";
				CLANG_ENABLE_MODULES = YES;
				CLANG_ENABLE_OBJC_ARC = YES;
				CLANG_ENABLE_OBJC_WEAK = YES;
				CLANG_WARN_BLOCK_CAPTURE_AUTORELEASING = YES;
				CLANG_WARN_BOOL_CONVERSION = YES;
				CLANG_WARN_COMMA = YES;
				CLANG_WARN_CONSTANT_CONVERSION = YES;
				CLANG_WARN_DEPRECATED_OBJC_IMPLEMENTATIONS = YES;
				CLANG_WARN_DIRECT_OBJC_ISA_USAGE = YES_ERROR;
				CLANG_WARN_DOCUMENTATION_COMMENTS = YES;
				CLANG_WARN_EMPTY_BODY = YES;
				CLANG_WARN_ENUM_CONVERSION = YES;
				CLANG_WARN_INFINITE_RECURSION = YES;
				CLANG_WARN_INT_CONVERSION = YES;
				CLANG_WARN_NON_LITERAL_NULL_CONVERSION = YES;
				CLANG_WARN_OBJC_IMPLICIT_RETAIN_SELF = YES;
				CLANG_WARN_OBJC_LITERAL_CONVERSION = YES;
				CLANG_WARN_OBJC_ROOT_CLASS = YES_ERROR;
				CLANG_WARN_RANGE_LOOP_ANALYSIS = YES;
				CLANG_WARN_STRICT_PROTOTYPES = YES;
				CLANG_WARN_SUSPICIOUS_MOVE = YES;
				CLANG_WARN_UNGUARDED_AVAILABILITY = YES_AGGRESSIVE;
				CLANG_WARN_UNREACHABLE_CODE = YES;
				CLANG_WARN__DUPLICATE_METHOD_MATCH = YES;
				CODE_SIGN_IDENTITY = "iPhone Developer";
				COPY_PHASE_STRIP = NO;
				DEBUG_INFORMATION_FORMAT = dwarf;
				ENABLE_STRICT_OBJC_MSGSEND = YES;
				ENABLE_TESTABILITY = YES;
				GCC_C_LANGUAGE_STANDARD = gnu11;
				GCC_DYNAMIC_NO_PIC = NO;
				GCC_NO_COMMON_BLOCKS = YES;
				GCC_OPTIMIZATION_LEVEL = 0;
				GCC_PREPROCESSOR_DEFINITIONS = (
					"DEBUG=1",
					"$(inherited)",
				);
				GCC_WARN_64_TO_32_BIT_CONVERSION = YES;
				GCC_WARN_ABOUT_RETURN_TYPE = YES_ERROR;
				GCC_WARN_UNDECLARED_SELECTOR = YES;
				GCC_WARN_UNINITIALIZED_AUTOS = YES_AGGRESSIVE;
				GCC_WARN_UNUSED_FUNCTION = YES;
				GCC_WARN_UNUSED_VARIABLE = YES;
				IPHONEOS_DEPLOYMENT_TARGET = 11.4;
				MTL_ENABLE_DEBUG_INFO = YES;
				ONLY_ACTIVE_ARCH = YES;
				SDKROOT = iphoneos;
				SWIFT_ACTIVE_COMPILATION_CONDITIONS = DEBUG;
				SWIFT_OPTIMIZATION_LEVEL = "-Onone";
			};
			name = Debug;
		};
		0C2BE51C212F9A31001FD5D7 /* Release */ = {
			isa = XCBuildConfiguration;
			buildSettings = {
				ALWAYS_SEARCH_USER_PATHS = NO;
				CLANG_ANALYZER_NONNULL = YES;
				CLANG_ANALYZER_NUMBER_OBJECT_CONVERSION = YES_AGGRESSIVE;
				CLANG_CXX_LANGUAGE_STANDARD = "gnu++14";
				CLANG_CXX_LIBRARY = "libc++";
				CLANG_ENABLE_MODULES = YES;
				CLANG_ENABLE_OBJC_ARC = YES;
				CLANG_ENABLE_OBJC_WEAK = YES;
				CLANG_WARN_BLOCK_CAPTURE_AUTORELEASING = YES;
				CLANG_WARN_BOOL_CONVERSION = YES;
				CLANG_WARN_COMMA = YES;
				CLANG_WARN_CONSTANT_CONVERSION = YES;
				CLANG_WARN_DEPRECATED_OBJC_IMPLEMENTATIONS = YES;
				CLANG_WARN_DIRECT_OBJC_ISA_USAGE = YES_ERROR;
				CLANG_WARN_DOCUMENTATION_COMMENTS = YES;
				CLANG_WARN_EMPTY_BODY = YES;
				CLANG_WARN_ENUM_CONVERSION = YES;
				CLANG_WARN_INFINITE_RECURSION = YES;
				CLANG_WARN_INT_CONVERSION = YES;
				CLANG_WARN_NON_LITERAL_NULL_CONVERSION = YES;
				CLANG_WARN_OBJC_IMPLICIT_RETAIN_SELF = YES;
				CLANG_WARN_OBJC_LITERAL_CONVERSION = YES;
				CLANG_WARN_OBJC_ROOT_CLASS = YES_ERROR;
				CLANG_WARN_RANGE_LOOP_ANALYSIS = YES;
				CLANG_WARN_STRICT_PROTOTYPES = YES;
				CLANG_WARN_SUSPICIOUS_MOVE = YES;
				CLANG_WARN_UNGUARDED_AVAILABILITY = YES_AGGRESSIVE;
				CLANG_WARN_UNREACHABLE_CODE = YES;
				CLANG_WARN__DUPLICATE_METHOD_MATCH = YES;
				CODE_SIGN_IDENTITY = "iPhone Developer";
				COPY_PHASE_STRIP = NO;
				DEBUG_INFORMATION_FORMAT = "dwarf-with-dsym";
				ENABLE_NS_ASSERTIONS = NO;
				ENABLE_STRICT_OBJC_MSGSEND = YES;
				GCC_C_LANGUAGE_STANDARD = gnu11;
				GCC_NO_COMMON_BLOCKS = YES;
				GCC_WARN_64_TO_32_BIT_CONVERSION = YES;
				GCC_WARN_ABOUT_RETURN_TYPE = YES_ERROR;
				GCC_WARN_UNDECLARED_SELECTOR = YES;
				GCC_WARN_UNINITIALIZED_AUTOS = YES_AGGRESSIVE;
				GCC_WARN_UNUSED_FUNCTION = YES;
				GCC_WARN_UNUSED_VARIABLE = YES;
				IPHONEOS_DEPLOYMENT_TARGET = 11.4;
				MTL_ENABLE_DEBUG_INFO = NO;
				SDKROOT = iphoneos;
				SWIFT_COMPILATION_MODE = wholemodule;
				SWIFT_OPTIMIZATION_LEVEL = "-O";
				VALIDATE_PRODUCT = YES;
			};
			name = Release;
		};
		0C2BE51E212F9A31001FD5D7 /* Debug */ = {
			isa = XCBuildConfiguration;
			buildSettings = {
				ASSETCATALOG_COMPILER_APPICON_NAME = AppIcon;
				CODE_SIGN_IDENTITY = "iPhone Developer";
				CODE_SIGN_STYLE = Automatic;
				DEVELOPMENT_TEAM = 3NL66U62K7;
				INFOPLIST_FILE = Xylophone/Info.plist;
				IPHONEOS_DEPLOYMENT_TARGET = 11.0;
				LD_RUNPATH_SEARCH_PATHS = (
					"$(inherited)",
					"@executable_path/Frameworks",
				);
				PRODUCT_BUNDLE_IDENTIFIER = Hayden.Xylophone;
				PRODUCT_NAME = "$(TARGET_NAME)";
				PROVISIONING_PROFILE = "";
				PROVISIONING_PROFILE_SPECIFIER = "";
				SWIFT_VERSION = 4.0;
				TARGETED_DEVICE_FAMILY = "1,2";
			};
			name = Debug;
		};
		0C2BE51F212F9A31001FD5D7 /* Release */ = {
			isa = XCBuildConfiguration;
			buildSettings = {
				ASSETCATALOG_COMPILER_APPICON_NAME = AppIcon;
				CODE_SIGN_IDENTITY = "iPhone Developer";
				CODE_SIGN_STYLE = Automatic;
				DEVELOPMENT_TEAM = 3NL66U62K7;
				INFOPLIST_FILE = Xylophone/Info.plist;
				IPHONEOS_DEPLOYMENT_TARGET = 11.0;
				LD_RUNPATH_SEARCH_PATHS = (
					"$(inherited)",
					"@executable_path/Frameworks",
				);
				PRODUCT_BUNDLE_IDENTIFIER = Hayden.Xylophone;
				PRODUCT_NAME = "$(TARGET_NAME)";
				PROVISIONING_PROFILE_SPECIFIER = "";
				SWIFT_VERSION = 4.0;
				TARGETED_DEVICE_FAMILY = "1,2";
			};
			name = Release;
		};
/* End XCBuildConfiguration section */

/* Begin XCConfigurationList section */
		0C2BE506212F9A31001FD5D7 /* Build configuration list for PBXProject "Xylophone" */ = {
			isa = XCConfigurationList;
			buildConfigurations = (
				0C2BE51B212F9A31001FD5D7 /* Debug */,
				0C2BE51C212F9A31001FD5D7 /* Release */,
			);
			defaultConfigurationIsVisible = 0;
			defaultConfigurationName = Release;
		};
		0C2BE51D212F9A31001FD5D7 /* Build configuration list for PBXNativeTarget "Xylophone" */ = {
			isa = XCConfigurationList;
			buildConfigurations = (
				0C2BE51E212F9A31001FD5D7 /* Debug */,
				0C2BE51F212F9A31001FD5D7 /* Release */,
			);
			defaultConfigurationIsVisible = 0;
			defaultConfigurationName = Release;
		};
/* End XCConfigurationList section */
	};
	rootObject = 0C2BE503212F9A31001FD5D7 /* Project object */;
}
